// !$*UTF8*$!
{
	archiveVersion = 1;
	classes = {
	};
	objectVersion = 56;
	objects = {

/* Begin PBXBuildFile section */
		00C039A92A5EF9B1005AE439 /* AnimatedWidgetsApp.swift in Sources */ = {isa = PBXBuildFile; fileRef = 00C039A82A5EF9B1005AE439 /* AnimatedWidgetsApp.swift */; };
		00C039AB2A5EF9B1005AE439 /* ContentView.swift in Sources */ = {isa = PBXBuildFile; fileRef = 00C039AA2A5EF9B1005AE439 /* ContentView.swift */; };
		00C039AD2A5EF9B2005AE439 /* Assets.xcassets in Resources */ = {isa = PBXBuildFile; fileRef = 00C039AC2A5EF9B2005AE439 /* Assets.xcassets */; };
		00C039B02A5EF9B2005AE439 /* Preview Assets.xcassets in Resources */ = {isa = PBXBuildFile; fileRef = 00C039AF2A5EF9B2005AE439 /* Preview Assets.xcassets */; };
		00C039BD2A5F0122005AE439 /* WidgetKit.framework in Frameworks */ = {isa = PBXBuildFile; fileRef = 00C039BC2A5F0122005AE439 /* WidgetKit.framework */; };
		00C039BF2A5F0122005AE439 /* SwiftUI.framework in Frameworks */ = {isa = PBXBuildFile; fileRef = 00C039BE2A5F0122005AE439 /* SwiftUI.framework */; };
		00C039C22A5F0122005AE439 /* AnimatedWidgetExBundle.swift in Sources */ = {isa = PBXBuildFile; fileRef = 00C039C12A5F0122005AE439 /* AnimatedWidgetExBundle.swift */; };
		00C039C42A5F0122005AE439 /* AnimatedWidgetEx.swift in Sources */ = {isa = PBXBuildFile; fileRef = 00C039C32A5F0122005AE439 /* AnimatedWidgetEx.swift */; };
		00C039C62A5F0124005AE439 /* Assets.xcassets in Resources */ = {isa = PBXBuildFile; fileRef = 00C039C52A5F0124005AE439 /* Assets.xcassets */; };
		00C039CA2A5F0124005AE439 /* AnimatedWidgetExExtension.appex in Embed Foundation Extensions */ = {isa = PBXBuildFile; fileRef = 00C039BA2A5F0122005AE439 /* AnimatedWidgetExExtension.appex */; settings = {ATTRIBUTES = (RemoveHeadersOnCopy, ); }; };
/* End PBXBuildFile section */

/* Begin PBXContainerItemProxy section */
		00C039C82A5F0124005AE439 /* PBXContainerItemProxy */ = {
			isa = PBXContainerItemProxy;
			containerPortal = 00C0399D2A5EF9B1005AE439 /* Project object */;
			proxyType = 1;
			remoteGlobalIDString = 00C039B92A5F0122005AE439;
			remoteInfo = AnimatedWidgetExExtension;
		};
/* End PBXContainerItemProxy section */

/* Begin PBXCopyFilesBuildPhase section */
		00C039CE2A5F0125005AE439 /* Embed Foundation Extensions */ = {
			isa = PBXCopyFilesBuildPhase;
			buildActionMask = 2147483647;
			dstPath = "";
			dstSubfolderSpec = 13;
			files = (
				00C039CA2A5F0124005AE439 /* AnimatedWidgetExExtension.appex in Embed Foundation Extensions */,
			);
			name = "Embed Foundation Extensions";
			runOnlyForDeploymentPostprocessing = 0;
		};
/* End PBXCopyFilesBuildPhase section */

/* Begin PBXFileReference section */
		00C039A52A5EF9B1005AE439 /* AnimatedWidgets.app */ = {isa = PBXFileReference; explicitFileType = wrapper.application; includeInIndex = 0; path = AnimatedWidgets.app; sourceTree = BUILT_PRODUCTS_DIR; };
		00C039A82A5EF9B1005AE439 /* AnimatedWidgetsApp.swift */ = {isa = PBXFileReference; lastKnownFileType = sourcecode.swift; path = AnimatedWidgetsApp.swift; sourceTree = "<group>"; };
		00C039AA2A5EF9B1005AE439 /* ContentView.swift */ = {isa = PBXFileReference; lastKnownFileType = sourcecode.swift; path = ContentView.swift; sourceTree = "<group>"; };
		00C039AC2A5EF9B2005AE439 /* Assets.xcassets */ = {isa = PBXFileReference; lastKnownFileType = folder.assetcatalog; path = Assets.xcassets; sourceTree = "<group>"; };
		00C039AF2A5EF9B2005AE439 /* Preview Assets.xcassets */ = {isa = PBXFileReference; lastKnownFileType = folder.assetcatalog; path = "Preview Assets.xcassets"; sourceTree = "<group>"; };
		00C039BA2A5F0122005AE439 /* AnimatedWidgetExExtension.appex */ = {isa = PBXFileReference; explicitFileType = "wrapper.app-extension"; includeInIndex = 0; path = AnimatedWidgetExExtension.appex; sourceTree = BUILT_PRODUCTS_DIR; };
		00C039BC2A5F0122005AE439 /* WidgetKit.framework */ = {isa = PBXFileReference; lastKnownFileType = wrapper.framework; name = WidgetKit.framework; path = System/Library/Frameworks/WidgetKit.framework; sourceTree = SDKROOT; };
		00C039BE2A5F0122005AE439 /* SwiftUI.framework */ = {isa = PBXFileReference; lastKnownFileType = wrapper.framework; name = SwiftUI.framework; path = System/Library/Frameworks/SwiftUI.framework; sourceTree = SDKROOT; };
		00C039C12A5F0122005AE439 /* AnimatedWidgetExBundle.swift */ = {isa = PBXFileReference; lastKnownFileType = sourcecode.swift; path = AnimatedWidgetExBundle.swift; sourceTree = "<group>"; };
		00C039C32A5F0122005AE439 /* AnimatedWidgetEx.swift */ = {isa = PBXFileReference; lastKnownFileType = sourcecode.swift; path = AnimatedWidgetEx.swift; sourceTree = "<group>"; };
		00C039C52A5F0124005AE439 /* Assets.xcassets */ = {isa = PBXFileReference; lastKnownFileType = folder.assetcatalog; path = Assets.xcassets; sourceTree = "<group>"; };
		00C039C72A5F0124005AE439 /* Info.plist */ = {isa = PBXFileReference; lastKnownFileType = text.plist.xml; path = Info.plist; sourceTree = "<group>"; };
/* End PBXFileReference section */

/* Begin PBXFrameworksBuildPhase section */
		00C039A22A5EF9B1005AE439 /* Frameworks */ = {
			isa = PBXFrameworksBuildPhase;
			buildActionMask = 2147483647;
			files = (
			);
			runOnlyForDeploymentPostprocessing = 0;
		};
		00C039B72A5F0122005AE439 /* Frameworks */ = {
			isa = PBXFrameworksBuildPhase;
			buildActionMask = 2147483647;
			files = (
				00C039BF2A5F0122005AE439 /* SwiftUI.framework in Frameworks */,
				00C039BD2A5F0122005AE439 /* WidgetKit.framework in Frameworks */,
			);
			runOnlyForDeploymentPostprocessing = 0;
		};
/* End PBXFrameworksBuildPhase section */

/* Begin PBXGroup section */
		00C0399C2A5EF9B1005AE439 = {
			isa = PBXGroup;
			children = (
				00C039A72A5EF9B1005AE439 /* AnimatedWidgets */,
				00C039C02A5F0122005AE439 /* AnimatedWidgetEx */,
				00C039BB2A5F0122005AE439 /* Frameworks */,
				00C039A62A5EF9B1005AE439 /* Products */,
			);
			sourceTree = "<group>";
		};
		00C039A62A5EF9B1005AE439 /* Products */ = {
			isa = PBXGroup;
			children = (
				00C039A52A5EF9B1005AE439 /* AnimatedWidgets.app */,
				00C039BA2A5F0122005AE439 /* AnimatedWidgetExExtension.appex */,
			);
			name = Products;
			sourceTree = "<group>";
		};
		00C039A72A5EF9B1005AE439 /* AnimatedWidgets */ = {
			isa = PBXGroup;
			children = (
				00C039A82A5EF9B1005AE439 /* AnimatedWidgetsApp.swift */,
				00C039AA2A5EF9B1005AE439 /* ContentView.swift */,
				00C039AC2A5EF9B2005AE439 /* Assets.xcassets */,
				00C039AE2A5EF9B2005AE439 /* Preview Content */,
			);
			path = AnimatedWidgets;
			sourceTree = "<group>";
		};
		00C039AE2A5EF9B2005AE439 /* Preview Content */ = {
			isa = PBXGroup;
			children = (
				00C039AF2A5EF9B2005AE439 /* Preview Assets.xcassets */,
			);
			path = "Preview Content";
			sourceTree = "<group>";
		};
		00C039BB2A5F0122005AE439 /* Frameworks */ = {
			isa = PBXGroup;
			children = (
				00C039BC2A5F0122005AE439 /* WidgetKit.framework */,
				00C039BE2A5F0122005AE439 /* SwiftUI.framework */,
			);
			name = Frameworks;
			sourceTree = "<group>";
		};
		00C039C02A5F0122005AE439 /* AnimatedWidgetEx */ = {
			isa = PBXGroup;
			children = (
				00C039C12A5F0122005AE439 /* AnimatedWidgetExBundle.swift */,
				00C039C32A5F0122005AE439 /* AnimatedWidgetEx.swift */,
				00C039C52A5F0124005AE439 /* Assets.xcassets */,
				00C039C72A5F0124005AE439 /* Info.plist */,
			);
			path = AnimatedWidgetEx;
			sourceTree = "<group>";
		};
/* End PBXGroup section */

/* Begin PBXNativeTarget section */
		00C039A42A5EF9B1005AE439 /* AnimatedWidgets */ = {
			isa = PBXNativeTarget;
			buildConfigurationList = 00C039B32A5EF9B2005AE439 /* Build configuration list for PBXNativeTarget "AnimatedWidgets" */;
			buildPhases = (
				00C039A12A5EF9B1005AE439 /* Sources */,
				00C039A22A5EF9B1005AE439 /* Frameworks */,
				00C039A32A5EF9B1005AE439 /* Resources */,
				00C039CE2A5F0125005AE439 /* Embed Foundation Extensions */,
			);
			buildRules = (
			);
			dependencies = (
				00C039C92A5F0124005AE439 /* PBXTargetDependency */,
			);
			name = AnimatedWidgets;
			productName = AnimatedWidgets;
			productReference = 00C039A52A5EF9B1005AE439 /* AnimatedWidgets.app */;
			productType = "com.apple.product-type.application";
		};
		00C039B92A5F0122005AE439 /* AnimatedWidgetExExtension */ = {
			isa = PBXNativeTarget;
			buildConfigurationList = 00C039CB2A5F0125005AE439 /* Build configuration list for PBXNativeTarget "AnimatedWidgetExExtension" */;
			buildPhases = (
				00C039B62A5F0122005AE439 /* Sources */,
				00C039B72A5F0122005AE439 /* Frameworks */,
				00C039B82A5F0122005AE439 /* Resources */,
			);
			buildRules = (
			);
			dependencies = (
			);
			name = AnimatedWidgetExExtension;
			productName = AnimatedWidgetExExtension;
			productReference = 00C039BA2A5F0122005AE439 /* AnimatedWidgetExExtension.appex */;
			productType = "com.apple.product-type.app-extension";
		};
/* End PBXNativeTarget section */

/* Begin PBXProject section */
		00C0399D2A5EF9B1005AE439 /* Project object */ = {
			isa = PBXProject;
			attributes = {
				BuildIndependentTargetsInParallel = 1;
				LastSwiftUpdateCheck = 1430;
				LastUpgradeCheck = 1430;
				TargetAttributes = {
					00C039A42A5EF9B1005AE439 = {
						CreatedOnToolsVersion = 14.3.1;
					};
					00C039B92A5F0122005AE439 = {
						CreatedOnToolsVersion = 14.3.1;
					};
				};
			};
			buildConfigurationList = 00C039A02A5EF9B1005AE439 /* Build configuration list for PBXProject "AnimatedWidgets" */;
			compatibilityVersion = "Xcode 14.0";
			developmentRegion = en;
			hasScannedForEncodings = 0;
			knownRegions = (
				en,
				Base,
			);
			mainGroup = 00C0399C2A5EF9B1005AE439;
			productRefGroup = 00C039A62A5EF9B1005AE439 /* Products */;
			projectDirPath = "";
			projectRoot = "";
			targets = (
				00C039A42A5EF9B1005AE439 /* AnimatedWidgets */,
				00C039B92A5F0122005AE439 /* AnimatedWidgetExExtension */,
			);
		};
/* End PBXProject section */

/* Begin PBXResourcesBuildPhase section */
		00C039A32A5EF9B1005AE439 /* Resources */ = {
			isa = PBXResourcesBuildPhase;
			buildActionMask = 2147483647;
			files = (
				00C039B02A5EF9B2005AE439 /* Preview Assets.xcassets in Resources */,
				00C039AD2A5EF9B2005AE439 /* Assets.xcassets in Resources */,
			);
			runOnlyForDeploymentPostprocessing = 0;
		};
		00C039B82A5F0122005AE439 /* Resources */ = {
			isa = PBXResourcesBuildPhase;
			buildActionMask = 2147483647;
			files = (
				00C039C62A5F0124005AE439 /* Assets.xcassets in Resources */,
			);
			runOnlyForDeploymentPostprocessing = 0;
		};
/* End PBXResourcesBuildPhase section */

/* Begin PBXSourcesBuildPhase section */
		00C039A12A5EF9B1005AE439 /* Sources */ = {
			isa = PBXSourcesBuildPhase;
			buildActionMask = 2147483647;
			files = (
				00C039AB2A5EF9B1005AE439 /* ContentView.swift in Sources */,
				00C039A92A5EF9B1005AE439 /* AnimatedWidgetsApp.swift in Sources */,
			);
			runOnlyForDeploymentPostprocessing = 0;
		};
		00C039B62A5F0122005AE439 /* Sources */ = {
			isa = PBXSourcesBuildPhase;
			buildActionMask = 2147483647;
			files = (
				00C039C22A5F0122005AE439 /* AnimatedWidgetExBundle.swift in Sources */,
				00C039C42A5F0122005AE439 /* AnimatedWidgetEx.swift in Sources */,
			);
			runOnlyForDeploymentPostprocessing = 0;
		};
/* End PBXSourcesBuildPhase section */

/* Begin PBXTargetDependency section */
		00C039C92A5F0124005AE439 /* PBXTargetDependency */ = {
			isa = PBXTargetDependency;
			target = 00C039B92A5F0122005AE439 /* AnimatedWidgetExExtension */;
			targetProxy = 00C039C82A5F0124005AE439 /* PBXContainerItemProxy */;
		};
/* End PBXTargetDependency section */

/* Begin XCBuildConfiguration section */
		00C039B12A5EF9B2005AE439 /* Debug */ = {
			isa = XCBuildConfiguration;
			buildSettings = {
				ALWAYS_SEARCH_USER_PATHS = NO;
				CLANG_ANALYZER_NONNULL = YES;
				CLANG_ANALYZER_NUMBER_OBJECT_CONVERSION = YES_AGGRESSIVE;
				CLANG_CXX_LANGUAGE_STANDARD = "gnu++20";
				CLANG_ENABLE_MODULES = YES;
				CLANG_ENABLE_OBJC_ARC = YES;
				CLANG_ENABLE_OBJC_WEAK = YES;
				CLANG_WARN_BLOCK_CAPTURE_AUTORELEASING = YES;
				CLANG_WARN_BOOL_CONVERSION = YES;
				CLANG_WARN_COMMA = YES;
				CLANG_WARN_CONSTANT_CONVERSION = YES;
				CLANG_WARN_DEPRECATED_OBJC_IMPLEMENTATIONS = YES;
				CLANG_WARN_DIRECT_OBJC_ISA_USAGE = YES_ERROR;
				CLANG_WARN_DOCUMENTATION_COMMENTS = YES;
				CLANG_WARN_EMPTY_BODY = YES;
				CLANG_WARN_ENUM_CONVERSION = YES;
				CLANG_WARN_INFINITE_RECURSION = YES;
				CLANG_WARN_INT_CONVERSION = YES;
				CLANG_WARN_NON_LITERAL_NULL_CONVERSION = YES;
				CLANG_WARN_OBJC_IMPLICIT_RETAIN_SELF = YES;
				CLANG_WARN_OBJC_LITERAL_CONVERSION = YES;
				CLANG_WARN_OBJC_ROOT_CLASS = YES_ERROR;
				CLANG_WARN_QUOTED_INCLUDE_IN_FRAMEWORK_HEADER = YES;
				CLANG_WARN_RANGE_LOOP_ANALYSIS = YES;
				CLANG_WARN_STRICT_PROTOTYPES = YES;
				CLANG_WARN_SUSPICIOUS_MOVE = YES;
				CLANG_WARN_UNGUARDED_AVAILABILITY = YES_AGGRESSIVE;
				CLANG_WARN_UNREACHABLE_CODE = YES;
				CLANG_WARN__DUPLICATE_METHOD_MATCH = YES;
				COPY_PHASE_STRIP = NO;
				DEBUG_INFORMATION_FORMAT = dwarf;
				ENABLE_STRICT_OBJC_MSGSEND = YES;
				ENABLE_TESTABILITY = YES;
				GCC_C_LANGUAGE_STANDARD = gnu11;
				GCC_DYNAMIC_NO_PIC = NO;
				GCC_NO_COMMON_BLOCKS = YES;
				GCC_OPTIMIZATION_LEVEL = 0;
				GCC_PREPROCESSOR_DEFINITIONS = (
					"DEBUG=1",
					"$(inherited)",
				);
				GCC_WARN_64_TO_32_BIT_CONVERSION = YES;
				GCC_WARN_ABOUT_RETURN_TYPE = YES_ERROR;
				GCC_WARN_UNDECLARED_SELECTOR = YES;
				GCC_WARN_UNINITIALIZED_AUTOS = YES_AGGRESSIVE;
				GCC_WARN_UNUSED_FUNCTION = YES;
				GCC_WARN_UNUSED_VARIABLE = YES;
				IPHONEOS_DEPLOYMENT_TARGET = 16.4;
				MTL_ENABLE_DEBUG_INFO = INCLUDE_SOURCE;
				MTL_FAST_MATH = YES;
				ONLY_ACTIVE_ARCH = YES;
				SDKROOT = iphoneos;
				SWIFT_ACTIVE_COMPILATION_CONDITIONS = DEBUG;
				SWIFT_OPTIMIZATION_LEVEL = "-Onone";
			};
			name = Debug;
		};
		00C039B22A5EF9B2005AE439 /* Release */ = {
			isa = XCBuildConfiguration;
			buildSettings = {
				ALWAYS_SEARCH_USER_PATHS = NO;
				CLANG_ANALYZER_NONNULL = YES;
				CLANG_ANALYZER_NUMBER_OBJECT_CONVERSION = YES_AGGRESSIVE;
				CLANG_CXX_LANGUAGE_STANDARD = "gnu++20";
				CLANG_ENABLE_MODULES = YES;
				CLANG_ENABLE_OBJC_ARC = YES;
				CLANG_ENABLE_OBJC_WEAK = YES;
				CLANG_WARN_BLOCK_CAPTURE_AUTORELEASING = YES;
				CLANG_WARN_BOOL_CONVERSION = YES;
				CLANG_WARN_COMMA = YES;
				CLANG_WARN_CONSTANT_CONVERSION = YES;
				CLANG_WARN_DEPRECATED_OBJC_IMPLEMENTATIONS = YES;
				CLANG_WARN_DIRECT_OBJC_ISA_USAGE = YES_ERROR;
				CLANG_WARN_DOCUMENTATION_COMMENTS = YES;
				CLANG_WARN_EMPTY_BODY = YES;
				CLANG_WARN_ENUM_CONVERSION = YES;
				CLANG_WARN_INFINITE_RECURSION = YES;
				CLANG_WARN_INT_CONVERSION = YES;
				CLANG_WARN_NON_LITERAL_NULL_CONVERSION = YES;
				CLANG_WARN_OBJC_IMPLICIT_RETAIN_SELF = YES;
				CLANG_WARN_OBJC_LITERAL_CONVERSION = YES;
				CLANG_WARN_OBJC_ROOT_CLASS = YES_ERROR;
				CLANG_WARN_QUOTED_INCLUDE_IN_FRAMEWORK_HEADER = YES;
				CLANG_WARN_RANGE_LOOP_ANALYSIS = YES;
				CLANG_WARN_STRICT_PROTOTYPES = YES;
				CLANG_WARN_SUSPICIOUS_MOVE = YES;
				CLANG_WARN_UNGUARDED_AVAILABILITY = YES_AGGRESSIVE;
				CLANG_WARN_UNREACHABLE_CODE = YES;
				CLANG_WARN__DUPLICATE_METHOD_MATCH = YES;
				COPY_PHASE_STRIP = NO;
				DEBUG_INFORMATION_FORMAT = "dwarf-with-dsym";
				ENABLE_NS_ASSERTIONS = NO;
				ENABLE_STRICT_OBJC_MSGSEND = YES;
				GCC_C_LANGUAGE_STANDARD = gnu11;
				GCC_NO_COMMON_BLOCKS = YES;
				GCC_WARN_64_TO_32_BIT_CONVERSION = YES;
				GCC_WARN_ABOUT_RETURN_TYPE = YES_ERROR;
				GCC_WARN_UNDECLARED_SELECTOR = YES;
				GCC_WARN_UNINITIALIZED_AUTOS = YES_AGGRESSIVE;
				GCC_WARN_UNUSED_FUNCTION = YES;
				GCC_WARN_UNUSED_VARIABLE = YES;
				IPHONEOS_DEPLOYMENT_TARGET = 16.4;
				MTL_ENABLE_DEBUG_INFO = NO;
				MTL_FAST_MATH = YES;
				SDKROOT = iphoneos;
				SWIFT_COMPILATION_MODE = wholemodule;
				SWIFT_OPTIMIZATION_LEVEL = "-O";
				VALIDATE_PRODUCT = YES;
			};
			name = Release;
		};
		00C039B42A5EF9B2005AE439 /* Debug */ = {
			isa = XCBuildConfiguration;
			buildSettings = {
				ALWAYS_EMBED_SWIFT_STANDARD_LIBRARIES = YES;
				ASSETCATALOG_COMPILER_APPICON_NAME = AppIcon;
				ASSETCATALOG_COMPILER_GLOBAL_ACCENT_COLOR_NAME = AccentColor;
				CODE_SIGN_STYLE = Automatic;
				CURRENT_PROJECT_VERSION = 1;
				DEVELOPMENT_ASSET_PATHS = "\"AnimatedWidgets/Preview Content\"";
				DEVELOPMENT_TEAM = HJ3C6V359D;
				ENABLE_PREVIEWS = YES;
				GENERATE_INFOPLIST_FILE = YES;
				INFOPLIST_KEY_UIApplicationSceneManifest_Generation = YES;
				INFOPLIST_KEY_UIApplicationSupportsIndirectInputEvents = YES;
				INFOPLIST_KEY_UILaunchScreen_Generation = YES;
				INFOPLIST_KEY_UISupportedInterfaceOrientations_iPad = "UIInterfaceOrientationPortrait UIInterfaceOrientationPortraitUpsideDown UIInterfaceOrientationLandscapeLeft UIInterfaceOrientationLandscapeRight";
				INFOPLIST_KEY_UISupportedInterfaceOrientations_iPhone = "UIInterfaceOrientationPortrait UIInterfaceOrientationLandscapeLeft UIInterfaceOrientationLandscapeRight";
				LD_RUNPATH_SEARCH_PATHS = (
					"$(inherited)",
					"@executable_path/Frameworks",
				);
				MARKETING_VERSION = 1.0;
				PRODUCT_BUNDLE_IDENTIFIER = com.kidastudios.AnimatedWidgets;
				PRODUCT_NAME = "$(TARGET_NAME)";
				SWIFT_EMIT_LOC_STRINGS = YES;
				SWIFT_VERSION = 5.0;
				TARGETED_DEVICE_FAMILY = "1,2";
			};
			name = Debug;
		};
		00C039B52A5EF9B2005AE439 /* Release */ = {
			isa = XCBuildConfiguration;
			buildSettings = {
				ALWAYS_EMBED_SWIFT_STANDARD_LIBRARIES = YES;
				ASSETCATALOG_COMPILER_APPICON_NAME = AppIcon;
				ASSETCATALOG_COMPILER_GLOBAL_ACCENT_COLOR_NAME = AccentColor;
				CODE_SIGN_STYLE = Automatic;
				CURRENT_PROJECT_VERSION = 1;
				DEVELOPMENT_ASSET_PATHS = "\"AnimatedWidgets/Preview Content\"";
				DEVELOPMENT_TEAM = HJ3C6V359D;
				ENABLE_PREVIEWS = YES;
				GENERATE_INFOPLIST_FILE = YES;
				INFOPLIST_KEY_UIApplicationSceneManifest_Generation = YES;
				INFOPLIST_KEY_UIApplicationSupportsIndirectInputEvents = YES;
				INFOPLIST_KEY_UILaunchScreen_Generation = YES;
				INFOPLIST_KEY_UISupportedInterfaceOrientations_iPad = "UIInterfaceOrientationPortrait UIInterfaceOrientationPortraitUpsideDown UIInterfaceOrientationLandscapeLeft UIInterfaceOrientationLandscapeRight";
				INFOPLIST_KEY_UISupportedInterfaceOrientations_iPhone = "UIInterfaceOrientationPortrait UIInterfaceOrientationLandscapeLeft UIInterfaceOrientationLandscapeRight";
				LD_RUNPATH_SEARCH_PATHS = (
					"$(inherited)",
					"@executable_path/Frameworks",
				);
				MARKETING_VERSION = 1.0;
				PRODUCT_BUNDLE_IDENTIFIER = com.kidastudios.AnimatedWidgets;
				PRODUCT_NAME = "$(TARGET_NAME)";
				SWIFT_EMIT_LOC_STRINGS = YES;
				SWIFT_VERSION = 5.0;
				TARGETED_DEVICE_FAMILY = "1,2";
			};
			name = Release;
		};
		00C039CC2A5F0125005AE439 /* Debug */ = {
			isa = XCBuildConfiguration;
			buildSettings = {
				ASSETCATALOG_COMPILER_GLOBAL_ACCENT_COLOR_NAME = AccentColor;
				ASSETCATALOG_COMPILER_WIDGET_BACKGROUND_COLOR_NAME = WidgetBackground;
				CODE_SIGN_STYLE = Automatic;
				CURRENT_PROJECT_VERSION = 1;
				DEVELOPMENT_TEAM = HJ3C6V359D;
				GENERATE_INFOPLIST_FILE = YES;
				INFOPLIST_FILE = AnimatedWidgetEx/Info.plist;
				INFOPLIST_KEY_CFBundleDisplayName = AnimatedWidgetEx;
				INFOPLIST_KEY_NSHumanReadableCopyright = "";
				LD_RUNPATH_SEARCH_PATHS = (
					"$(inherited)",
					"@executable_path/Frameworks",
					"@executable_path/../../Frameworks",
				);
				MARKETING_VERSION = 1.0;
				PRODUCT_BUNDLE_IDENTIFIER = com.kidastudios.AnimatedWidgets.AnimatedWidgetEx;
				PRODUCT_NAME = "$(TARGET_NAME)";
				SKIP_INSTALL = YES;
				SWIFT_EMIT_LOC_STRINGS = YES;
				SWIFT_VERSION = 5.0;
				TARGETED_DEVICE_FAMILY = "1,2";
			};
			name = Debug;
		};
		00C039CD2A5F0125005AE439 /* Release */ = {
			isa = XCBuildConfiguration;
			buildSettings = {
				ASSETCATALOG_COMPILER_GLOBAL_ACCENT_COLOR_NAME = AccentColor;
				ASSETCATALOG_COMPILER_WIDGET_BACKGROUND_COLOR_NAME = WidgetBackground;
				CODE_SIGN_STYLE = Automatic;
				CURRENT_PROJECT_VERSION = 1;
				DEVELOPMENT_TEAM = HJ3C6V359D;
				GENERATE_INFOPLIST_FILE = YES;
				INFOPLIST_FILE = AnimatedWidgetEx/Info.plist;
				INFOPLIST_KEY_CFBundleDisplayName = AnimatedWidgetEx;
				INFOPLIST_KEY_NSHumanReadableCopyright = "";
				LD_RUNPATH_SEARCH_PATHS = (
					"$(inherited)",
					"@executable_path/Frameworks",
					"@executable_path/../../Frameworks",
				);
				MARKETING_VERSION = 1.0;
				PRODUCT_BUNDLE_IDENTIFIER = com.kidastudios.AnimatedWidgets.AnimatedWidgetEx;
				PRODUCT_NAME = "$(TARGET_NAME)";
				SKIP_INSTALL = YES;
				SWIFT_EMIT_LOC_STRINGS = YES;
				SWIFT_VERSION = 5.0;
				TARGETED_DEVICE_FAMILY = "1,2";
			};
			name = Release;
		};
/* End XCBuildConfiguration section */

/* Begin XCConfigurationList section */
		00C039A02A5EF9B1005AE439 /* Build configuration list for PBXProject "AnimatedWidgets" */ = {
			isa = XCConfigurationList;
			buildConfigurations = (
				00C039B12A5EF9B2005AE439 /* Debug */,
				00C039B22A5EF9B2005AE439 /* Release */,
			);
			defaultConfigurationIsVisible = 0;
			defaultConfigurationName = Release;
		};
		00C039B32A5EF9B2005AE439 /* Build configuration list for PBXNativeTarget "AnimatedWidgets" */ = {
			isa = XCConfigurationList;
			buildConfigurations = (
				00C039B42A5EF9B2005AE439 /* Debug */,
				00C039B52A5EF9B2005AE439 /* Release */,
			);
			defaultConfigurationIsVisible = 0;
			defaultConfigurationName = Release;
		};
		00C039CB2A5F0125005AE439 /* Build configuration list for PBXNativeTarget "AnimatedWidgetExExtension" */ = {
			isa = XCConfigurationList;
			buildConfigurations = (
				00C039CC2A5F0125005AE439 /* Debug */,
				00C039CD2A5F0125005AE439 /* Release */,
			);
			defaultConfigurationIsVisible = 0;
			defaultConfigurationName = Release;
		};
/* End XCConfigurationList section */
	};
	rootObject = 00C0399D2A5EF9B1005AE439 /* Project object */;
}
